
Microsoft Visual Studio Solution File, Format Version 12.00
# Visual Studio Version 16
VisualStudioVersion = 16.0.29519.87
MinimumVisualStudioVersion = 10.0.40219.1
Project("{FAE04EC0-301F-11D3-BF4B-00C04F79EFBC}") = "SalesWebMVC", "SalesWebMVC\SalesWebMVC.csproj", "{19637CC7-6EA4-4AB0-B4E0-84BB9A35498D}"
EndProject
Global
	GlobalSection(SolutionConfigurationPlatforms) = preSolution
		Debug|Any CPU = Debug|Any CPU
		Release|Any CPU = Release|Any CPU
	EndGlobalSection
	GlobalSection(ProjectConfigurationPlatforms) = postSolution
		{19637CC7-6EA4-4AB0-B4E0-84BB9A35498D}.Debug|Any CPU.ActiveCfg = Debug|Any CPU
		{19637CC7-6EA4-4AB0-B4E0-84BB9A35498D}.Debug|Any CPU.Build.0 = Debug|Any CPU
		{19637CC7-6EA4-4AB0-B4E0-84BB9A35498D}.Release|Any CPU.ActiveCfg = Release|Any CPU
		{19637CC7-6EA4-4AB0-B4E0-84BB9A35498D}.Release|Any CPU.Build.0 = Release|Any CPU
	EndGlobalSection
	GlobalSection(SolutionProperties) = preSolution
		HideSolutionNode = FALSE
	EndGlobalSection
	GlobalSection(ExtensibilityGlobals) = postSolution
		SolutionGuid = {38418BBD-B977-4DF7-864D-4B4D38B2A3B6}
	EndGlobalSection
EndGlobal
