
Microsoft Visual Studio Solution File, Format Version 12.00
# Visual Studio Version 16
VisualStudioVersion = 16.0.29519.87
MinimumVisualStudioVersion = 10.0.40219.1
Project("{FAE04EC0-301F-11D3-BF4B-00C04F79EFBC}") = "ExercSec5", "ExercSec5\ExercSec5.csproj", "{6835E990-3A7F-4C5C-8EEC-A3AA6CD2B4ED}"
EndProject
Global
	GlobalSection(SolutionConfigurationPlatforms) = preSolution
		Debug|Any CPU = Debug|Any CPU
		Release|Any CPU = Release|Any CPU
	EndGlobalSection
	GlobalSection(ProjectConfigurationPlatforms) = postSolution
		{6835E990-3A7F-4C5C-8EEC-A3AA6CD2B4ED}.Debug|Any CPU.ActiveCfg = Debug|Any CPU
		{6835E990-3A7F-4C5C-8EEC-A3AA6CD2B4ED}.Debug|Any CPU.Build.0 = Debug|Any CPU
		{6835E990-3A7F-4C5C-8EEC-A3AA6CD2B4ED}.Release|Any CPU.ActiveCfg = Release|Any CPU
		{6835E990-3A7F-4C5C-8EEC-A3AA6CD2B4ED}.Release|Any CPU.Build.0 = Release|Any CPU
	EndGlobalSection
	GlobalSection(SolutionProperties) = preSolution
		HideSolutionNode = FALSE
	EndGlobalSection
	GlobalSection(ExtensibilityGlobals) = postSolution
		SolutionGuid = {D582F983-1BD8-45CC-A139-72836E875B92}
	EndGlobalSection
EndGlobal
