
Microsoft Visual Studio Solution File, Format Version 12.00
# Visual Studio Version 16
VisualStudioVersion = 16.0.29519.87
MinimumVisualStudioVersion = 10.0.40219.1
Project("{FAE04EC0-301F-11D3-BF4B-00C04F79EFBC}") = "ExercSec10_136", "ExercSec10_136\ExercSec10_136.csproj", "{5D1FD379-3986-4C43-B740-4C8E22FFCF8C}"
EndProject
Global
	GlobalSection(SolutionConfigurationPlatforms) = preSolution
		Debug|Any CPU = Debug|Any CPU
		Release|Any CPU = Release|Any CPU
	EndGlobalSection
	GlobalSection(ProjectConfigurationPlatforms) = postSolution
		{5D1FD379-3986-4C43-B740-4C8E22FFCF8C}.Debug|Any CPU.ActiveCfg = Debug|Any CPU
		{5D1FD379-3986-4C43-B740-4C8E22FFCF8C}.Debug|Any CPU.Build.0 = Debug|Any CPU
		{5D1FD379-3986-4C43-B740-4C8E22FFCF8C}.Release|Any CPU.ActiveCfg = Release|Any CPU
		{5D1FD379-3986-4C43-B740-4C8E22FFCF8C}.Release|Any CPU.Build.0 = Release|Any CPU
	EndGlobalSection
	GlobalSection(SolutionProperties) = preSolution
		HideSolutionNode = FALSE
	EndGlobalSection
	GlobalSection(ExtensibilityGlobals) = postSolution
		SolutionGuid = {932628B8-5F40-42A2-BACA-685977441E3C}
	EndGlobalSection
EndGlobal
